
Microsoft Visual Studio Solution File, Format Version 12.00
# Visual Studio 15
Project("{FAE04EC0-301F-11D3-BF4B-00C04F79EFBC}") = "URLEncoder", "URLEncoder\URLEncoder.csproj", "{B1C93952-5975-4AB6-80B3-610E9AC17A69}"
EndProject
Global
	GlobalSection(SolutionConfigurationPlatforms) = preSolution
		Debug|Any CPU = Debug|Any CPU
		Release|Any CPU = Release|Any CPU
	EndGlobalSection
	GlobalSection(ProjectConfigurationPlatforms) = postSolution
		{B1C93952-5975-4AB6-80B3-610E9AC17A69}.Debug|Any CPU.ActiveCfg = Debug|Any CPU
		{B1C93952-5975-4AB6-80B3-610E9AC17A69}.Debug|Any CPU.Build.0 = Debug|Any CPU
		{B1C93952-5975-4AB6-80B3-610E9AC17A69}.Release|Any CPU.ActiveCfg = Release|Any CPU
		{B1C93952-5975-4AB6-80B3-610E9AC17A69}.Release|Any CPU.Build.0 = Release|Any CPU
	EndGlobalSection
EndGlobal
